
Microsoft Visual Studio Solution File, Format Version 12.00
# Visual Studio Version 17
VisualStudioVersion = 17.0.31903.59
MinimumVisualStudioVersion = 10.0.40219.1
Project("{FAE04EC0-301F-11D3-BF4B-00C04F79EFBC}") = "SocialMedia.WebApi", "SocialMedia.WebApi\SocialMedia.WebApi.csproj", "{CF1CD170-478C-4EA0-B66B-F7AFD32336C6}"
EndProject
Project("{FAE04EC0-301F-11D3-BF4B-00C04F79EFBC}") = "SocialMedia.Data", "SocialMedia.Data\SocialMedia.Data.csproj", "{FECC1282-3532-477B-BC1C-F64D5083BFFF}"
EndProject
Project("{FAE04EC0-301F-11D3-BF4B-00C04F79EFBC}") = "SocialMedia.Models", "SocialMedia.Models\SocialMedia.Models.csproj", "{1D7A391A-71FC-4090-9BE8-DF24F7EDC9B8}"
EndProject
Project("{FAE04EC0-301F-11D3-BF4B-00C04F79EFBC}") = "SocialMedia.Services", "SocialMedia.Services\SocialMedia.Services.csproj", "{058731B5-9A85-4B01-800D-51131007BAA8}"
EndProject
Global
	GlobalSection(SolutionConfigurationPlatforms) = preSolution
		Debug|Any CPU = Debug|Any CPU
		Release|Any CPU = Release|Any CPU
	EndGlobalSection
	GlobalSection(SolutionProperties) = preSolution
		HideSolutionNode = FALSE
	EndGlobalSection
	GlobalSection(ProjectConfigurationPlatforms) = postSolution
		{CF1CD170-478C-4EA0-B66B-F7AFD32336C6}.Debug|Any CPU.ActiveCfg = Debug|Any CPU
		{CF1CD170-478C-4EA0-B66B-F7AFD32336C6}.Debug|Any CPU.Build.0 = Debug|Any CPU
		{CF1CD170-478C-4EA0-B66B-F7AFD32336C6}.Release|Any CPU.ActiveCfg = Release|Any CPU
		{CF1CD170-478C-4EA0-B66B-F7AFD32336C6}.Release|Any CPU.Build.0 = Release|Any CPU
		{FECC1282-3532-477B-BC1C-F64D5083BFFF}.Debug|Any CPU.ActiveCfg = Debug|Any CPU
		{FECC1282-3532-477B-BC1C-F64D5083BFFF}.Debug|Any CPU.Build.0 = Debug|Any CPU
		{FECC1282-3532-477B-BC1C-F64D5083BFFF}.Release|Any CPU.ActiveCfg = Release|Any CPU
		{FECC1282-3532-477B-BC1C-F64D5083BFFF}.Release|Any CPU.Build.0 = Release|Any CPU
		{1D7A391A-71FC-4090-9BE8-DF24F7EDC9B8}.Debug|Any CPU.ActiveCfg = Debug|Any CPU
		{1D7A391A-71FC-4090-9BE8-DF24F7EDC9B8}.Debug|Any CPU.Build.0 = Debug|Any CPU
		{1D7A391A-71FC-4090-9BE8-DF24F7EDC9B8}.Release|Any CPU.ActiveCfg = Release|Any CPU
		{1D7A391A-71FC-4090-9BE8-DF24F7EDC9B8}.Release|Any CPU.Build.0 = Release|Any CPU
		{058731B5-9A85-4B01-800D-51131007BAA8}.Debug|Any CPU.ActiveCfg = Debug|Any CPU
		{058731B5-9A85-4B01-800D-51131007BAA8}.Debug|Any CPU.Build.0 = Debug|Any CPU
		{058731B5-9A85-4B01-800D-51131007BAA8}.Release|Any CPU.ActiveCfg = Release|Any CPU
		{058731B5-9A85-4B01-800D-51131007BAA8}.Release|Any CPU.Build.0 = Release|Any CPU
	EndGlobalSection
EndGlobal
